{"version":4,"terraform_version":"1.11.5","serial":16,"lineage":"53706192-3214-807c-8114-063a4bd68b59","outputs":{},"resources":[{"mode":"managed","type":"google_compute_firewall","name":"k8s_allow_external","provider":"provider[\"registry.opentofu.org/hashicorp/google\"]","instances":[{"schema_version":1,"attributes":{"allow":[{"ports":["22","6443"],"protocol":"tcp"}],"creation_timestamp":"2026-03-22T18:02:09.519-07:00","deny":[],"description":"","destination_ranges":[],"direction":"INGRESS","disabled":false,"enable_logging":null,"id":"projects/misctesting-491021/global/firewalls/prod-k8s-external","log_config":[],"name":"prod-k8s-external","network":"https://www.googleapis.com/compute/v1/projects/misctesting-491021/global/networks/prod-k8s-vpc","params":[],"priority":1000,"project":"misctesting-491021","self_link":"https://www.googleapis.com/compute/v1/projects/misctesting-491021/global/firewalls/prod-k8s-external","source_ranges":["0.0.0.0/0"],"source_service_accounts":null,"source_tags":null,"target_service_accounts":null,"target_tags":null,"timeouts":null},"sensitive_attributes":[],"private":"eyJlMmJmYjczMC1lY2FhLTExZTYtOGY4OC0zNDM2M2JjN2M0YzAiOnsiY3JlYXRlIjoxMjAwMDAwMDAwMDAwLCJkZWxldGUiOjEyMDAwMDAwMDAwMDAsInVwZGF0ZSI6MTIwMDAwMDAwMDAwMH0sInNjaGVtYV92ZXJzaW9uIjoiMSJ9","dependencies":["google_compute_network.k8s_vpc"]}]},{"mode":"managed","type":"google_compute_firewall","name":"k8s_allow_internal","provider":"provider[\"registry.opentofu.org/hashicorp/google\"]","instances":[{"schema_version":1,"attributes":{"allow":[{"ports":[],"protocol":"icmp"},{"ports":[],"protocol":"tcp"},{"ports":[],"protocol":"udp"}],"creation_timestamp":"2026-03-22T18:02:09.606-07:00","deny":[],"description":"","destination_ranges":[],"direction":"INGRESS","disabled":false,"enable_logging":null,"id":"projects/misctesting-491021/global/firewalls/prod-k8s-internal","log_config":[],"name":"prod-k8s-internal","network":"https://www.googleapis.com/compute/v1/projects/misctesting-491021/global/networks/prod-k8s-vpc","params":[],"priority":1000,"project":"misctesting-491021","self_link":"https://www.googleapis.com/compute/v1/projects/misctesting-491021/global/firewalls/prod-k8s-internal","source_ranges":["10.10.0.0/24"],"source_service_accounts":null,"source_tags":null,"target_service_accounts":null,"target_tags":null,"timeouts":null},"sensitive_attributes":[],"private":"eyJlMmJmYjczMC1lY2FhLTExZTYtOGY4OC0zNDM2M2JjN2M0YzAiOnsiY3JlYXRlIjoxMjAwMDAwMDAwMDAwLCJkZWxldGUiOjEyMDAwMDAwMDAwMDAsInVwZGF0ZSI6MTIwMDAwMDAwMDAwMH0sInNjaGVtYV92ZXJzaW9uIjoiMSJ9","dependencies":["google_compute_network.k8s_vpc"]}]},{"mode":"managed","type":"google_compute_instance","name":"control_plane","provider":"provider[\"registry.opentofu.org/hashicorp/google\"]","instances":[{"schema_version":6,"attributes":{"advanced_machine_features":[],"allow_stopping_for_update":null,"attached_disk":[],"boot_disk":[{"auto_delete":true,"device_name":"persistent-disk-0","disk_encryption_key_raw":"","disk_encryption_key_rsa":"","disk_encryption_key_sha256":"","disk_encryption_service_account":"","force_attach":false,"guest_os_features":["VIRTIO_SCSI_MULTIQUEUE","SEV_CAPABLE","SEV_SNP_CAPABLE","SEV_LIVE_MIGRATABLE","SEV_LIVE_MIGRATABLE_V2","SNP_SVSM_CAPABLE","IDPF","TDX_CAPABLE","UEFI_COMPATIBLE","GVNIC"],"initialize_params":[{"architecture":"X86_64","enable_confidential_compute":false,"image":"https://www.googleapis.com/compute/v1/projects/ubuntu-os-cloud/global/images/ubuntu-2404-noble-amd64-v20260316","labels":{},"provisioned_iops":0,"provisioned_throughput":0,"resource_manager_tags":null,"resource_policies":[],"size":20,"snapshot":"","source_image_encryption_key":[],"source_snapshot_encryption_key":[],"storage_pool":"","type":"pd-standard"}],"interface":"","kms_key_self_link":"","mode":"READ_WRITE","source":"https://www.googleapis.com/compute/v1/projects/misctesting-491021/zones/us-central1-a/disks/control-plane-1"}],"can_ip_forward":false,"confidential_instance_config":[],"cpu_platform":"Intel Broadwell","creation_timestamp":"2026-03-22T18:02:32.744-07:00","current_status":"RUNNING","deletion_protection":false,"description":"","desired_status":null,"effective_labels":{"goog-terraform-provisioned":"true","role":"k8s-master"},"enable_display":false,"guest_accelerator":[],"hostname":"","id":"projects/misctesting-491021/zones/us-central1-a/instances/control-plane-1","instance_encryption_key":[],"instance_id":"6648206672561778631","key_revocation_action_type":"","label_fingerprint":"-KtWmG2uov0=","labels":{"role":"k8s-master"},"machine_type":"e2-medium","metadata":null,"metadata_fingerprint":"RUT9P00yrtM=","metadata_startup_script":null,"min_cpu_platform":"","name":"control-plane-1","network_interface":[{"access_config":[{"nat_ip":"34.63.123.198","network_tier":"PREMIUM","public_ptr_domain_name":""}],"alias_ip_range":[],"igmp_query":"","internal_ipv6_prefix_length":0,"ipv6_access_config":[],"ipv6_access_type":"","ipv6_address":"","name":"nic0","network":"https://www.googleapis.com/compute/v1/projects/misctesting-491021/global/networks/prod-k8s-vpc","network_attachment":"","network_ip":"10.10.0.4","nic_type":"","parent_nic_name":"","queue_count":0,"stack_type":"IPV4_ONLY","subnetwork":"https://www.googleapis.com/compute/v1/projects/misctesting-491021/regions/us-central1/subnetworks/prod-k8s-subnet","subnetwork_project":"misctesting-491021","vlan":0}],"network_performance_config":[],"params":[],"project":"misctesting-491021","reservation_affinity":[],"resource_policies":null,"scheduling":[{"automatic_restart":true,"availability_domain":0,"instance_termination_action":"","local_ssd_recovery_timeout":[],"max_run_duration":[],"min_node_cpus":0,"node_affinities":[],"on_host_maintenance":"MIGRATE","on_instance_stop_action":[],"preemptible":false,"provisioning_model":"STANDARD","termination_time":""}],"scratch_disk":[],"self_link":"https://www.googleapis.com/compute/v1/projects/misctesting-491021/zones/us-central1-a/instances/control-plane-1","service_account":[],"shielded_instance_config":[{"enable_integrity_monitoring":true,"enable_secure_boot":false,"enable_vtpm":true}],"tags":null,"tags_fingerprint":"42WmSpB8rSM=","terraform_labels":{"goog-terraform-provisioned":"true","role":"k8s-master"},"timeouts":null,"zone":"us-central1-a"},"sensitive_attributes":[[{"type":"get_attr","value":"boot_disk"},{"type":"index","value":{"value":0,"type":"number"}},{"type":"get_attr","value":"disk_encryption_key_raw"}],[{"type":"get_attr","value":"boot_disk"},{"type":"index","value":{"value":0,"type":"number"}},{"type":"get_attr","value":"disk_encryption_key_rsa"}]],"private":"eyJlMmJmYjczMC1lY2FhLTExZTYtOGY4OC0zNDM2M2JjN2M0YzAiOnsiY3JlYXRlIjoxMjAwMDAwMDAwMDAwLCJkZWxldGUiOjEyMDAwMDAwMDAwMDAsInVwZGF0ZSI6MTIwMDAwMDAwMDAwMH0sInNjaGVtYV92ZXJzaW9uIjoiNiJ9","dependencies":["google_compute_network.k8s_vpc","google_compute_subnetwork.k8s_subnet"]}]},{"mode":"managed","type":"google_compute_instance","name":"workers","provider":"provider[\"registry.opentofu.org/hashicorp/google\"]","instances":[{"index_key":0,"schema_version":6,"attributes":{"advanced_machine_features":[],"allow_stopping_for_update":null,"attached_disk":[],"boot_disk":[{"auto_delete":true,"device_name":"persistent-disk-0","disk_encryption_key_raw":"","disk_encryption_key_rsa":"","disk_encryption_key_sha256":"","disk_encryption_service_account":"","force_attach":false,"guest_os_features":["VIRTIO_SCSI_MULTIQUEUE","SEV_CAPABLE","SEV_SNP_CAPABLE","SEV_LIVE_MIGRATABLE","SEV_LIVE_MIGRATABLE_V2","SNP_SVSM_CAPABLE","IDPF","TDX_CAPABLE","UEFI_COMPATIBLE","GVNIC"],"initialize_params":[{"architecture":"X86_64","enable_confidential_compute":false,"image":"https://www.googleapis.com/compute/v1/projects/ubuntu-os-cloud/global/images/ubuntu-2404-noble-amd64-v20260316","labels":{},"provisioned_iops":0,"provisioned_throughput":0,"resource_manager_tags":null,"resource_policies":[],"size":20,"snapshot":"","source_image_encryption_key":[],"source_snapshot_encryption_key":[],"storage_pool":"","type":"pd-standard"}],"interface":"","kms_key_self_link":"","mode":"READ_WRITE","source":"https://www.googleapis.com/compute/v1/projects/misctesting-491021/zones/us-central1-a/disks/worker-1"}],"can_ip_forward":false,"confidential_instance_config":[],"cpu_platform":"Intel Broadwell","creation_timestamp":"2026-03-22T18:02:32.558-07:00","current_status":"RUNNING","deletion_protection":false,"description":"","desired_status":null,"effective_labels":{"goog-terraform-provisioned":"true","role":"k8s-worker"},"enable_display":false,"guest_accelerator":[],"hostname":"","id":"projects/misctesting-491021/zones/us-central1-a/instances/worker-1","instance_encryption_key":[],"instance_id":"7004798862047915975","key_revocation_action_type":"","label_fingerprint":"cDM_R8joYeI=","labels":{"role":"k8s-worker"},"machine_type":"e2-medium","metadata":null,"metadata_fingerprint":"RUT9P00yrtM=","metadata_startup_script":null,"min_cpu_platform":"","name":"worker-1","network_interface":[{"access_config":[{"nat_ip":"34.55.4.129","network_tier":"PREMIUM","public_ptr_domain_name":""}],"alias_ip_range":[],"igmp_query":"","internal_ipv6_prefix_length":0,"ipv6_access_config":[],"ipv6_access_type":"","ipv6_address":"","name":"nic0","network":"https://www.googleapis.com/compute/v1/projects/misctesting-491021/global/networks/prod-k8s-vpc","network_attachment":"","network_ip":"10.10.0.2","nic_type":"","parent_nic_name":"","queue_count":0,"stack_type":"IPV4_ONLY","subnetwork":"https://www.googleapis.com/compute/v1/projects/misctesting-491021/regions/us-central1/subnetworks/prod-k8s-subnet","subnetwork_project":"misctesting-491021","vlan":0}],"network_performance_config":[],"params":[],"project":"misctesting-491021","reservation_affinity":[],"resource_policies":null,"scheduling":[{"automatic_restart":true,"availability_domain":0,"instance_termination_action":"","local_ssd_recovery_timeout":[],"max_run_duration":[],"min_node_cpus":0,"node_affinities":[],"on_host_maintenance":"MIGRATE","on_instance_stop_action":[],"preemptible":false,"provisioning_model":"STANDARD","termination_time":""}],"scratch_disk":[],"self_link":"https://www.googleapis.com/compute/v1/projects/misctesting-491021/zones/us-central1-a/instances/worker-1","service_account":[],"shielded_instance_config":[{"enable_integrity_monitoring":true,"enable_secure_boot":false,"enable_vtpm":true}],"tags":null,"tags_fingerprint":"42WmSpB8rSM=","terraform_labels":{"goog-terraform-provisioned":"true","role":"k8s-worker"},"timeouts":null,"zone":"us-central1-a"},"sensitive_attributes":[[{"type":"get_attr","value":"boot_disk"},{"type":"index","value":{"value":0,"type":"number"}},{"type":"get_attr","value":"disk_encryption_key_raw"}],[{"type":"get_attr","value":"boot_disk"},{"type":"index","value":{"value":0,"type":"number"}},{"type":"get_attr","value":"disk_encryption_key_rsa"}]],"private":"eyJlMmJmYjczMC1lY2FhLTExZTYtOGY4OC0zNDM2M2JjN2M0YzAiOnsiY3JlYXRlIjoxMjAwMDAwMDAwMDAwLCJkZWxldGUiOjEyMDAwMDAwMDAwMDAsInVwZGF0ZSI6MTIwMDAwMDAwMDAwMH0sInNjaGVtYV92ZXJzaW9uIjoiNiJ9","dependencies":["google_compute_network.k8s_vpc","google_compute_subnetwork.k8s_subnet"]},{"index_key":1,"schema_version":6,"attributes":{"advanced_machine_features":[],"allow_stopping_for_update":null,"attached_disk":[],"boot_disk":[{"auto_delete":true,"device_name":"persistent-disk-0","disk_encryption_key_raw":"","disk_encryption_key_rsa":"","disk_encryption_key_sha256":"","disk_encryption_service_account":"","force_attach":false,"guest_os_features":["VIRTIO_SCSI_MULTIQUEUE","SEV_CAPABLE","SEV_SNP_CAPABLE","SEV_LIVE_MIGRATABLE","SEV_LIVE_MIGRATABLE_V2","SNP_SVSM_CAPABLE","IDPF","TDX_CAPABLE","UEFI_COMPATIBLE","GVNIC"],"initialize_params":[{"architecture":"X86_64","enable_confidential_compute":false,"image":"https://www.googleapis.com/compute/v1/projects/ubuntu-os-cloud/global/images/ubuntu-2404-noble-amd64-v20260316","labels":{},"provisioned_iops":0,"provisioned_throughput":0,"resource_manager_tags":null,"resource_policies":[],"size":20,"snapshot":"","source_image_encryption_key":[],"source_snapshot_encryption_key":[],"storage_pool":"","type":"pd-standard"}],"interface":"","kms_key_self_link":"","mode":"READ_WRITE","source":"https://www.googleapis.com/compute/v1/projects/misctesting-491021/zones/us-central1-a/disks/worker-2"}],"can_ip_forward":false,"confidential_instance_config":[],"cpu_platform":"Intel Broadwell","creation_timestamp":"2026-03-22T18:02:32.697-07:00","current_status":"RUNNING","deletion_protection":false,"description":"","desired_status":null,"effective_labels":{"goog-terraform-provisioned":"true","role":"k8s-worker"},"enable_display":false,"guest_accelerator":[],"hostname":"","id":"projects/misctesting-491021/zones/us-central1-a/instances/worker-2","instance_encryption_key":[],"instance_id":"4618854425001013191","key_revocation_action_type":"","label_fingerprint":"cDM_R8joYeI=","labels":{"role":"k8s-worker"},"machine_type":"e2-medium","metadata":null,"metadata_fingerprint":"RUT9P00yrtM=","metadata_startup_script":null,"min_cpu_platform":"","name":"worker-2","network_interface":[{"access_config":[{"nat_ip":"34.132.50.209","network_tier":"PREMIUM","public_ptr_domain_name":""}],"alias_ip_range":[],"igmp_query":"","internal_ipv6_prefix_length":0,"ipv6_access_config":[],"ipv6_access_type":"","ipv6_address":"","name":"nic0","network":"https://www.googleapis.com/compute/v1/projects/misctesting-491021/global/networks/prod-k8s-vpc","network_attachment":"","network_ip":"10.10.0.3","nic_type":"","parent_nic_name":"","queue_count":0,"stack_type":"IPV4_ONLY","subnetwork":"https://www.googleapis.com/compute/v1/projects/misctesting-491021/regions/us-central1/subnetworks/prod-k8s-subnet","subnetwork_project":"misctesting-491021","vlan":0}],"network_performance_config":[],"params":[],"project":"misctesting-491021","reservation_affinity":[],"resource_policies":null,"scheduling":[{"automatic_restart":true,"availability_domain":0,"instance_termination_action":"","local_ssd_recovery_timeout":[],"max_run_duration":[],"min_node_cpus":0,"node_affinities":[],"on_host_maintenance":"MIGRATE","on_instance_stop_action":[],"preemptible":false,"provisioning_model":"STANDARD","termination_time":""}],"scratch_disk":[],"self_link":"https://www.googleapis.com/compute/v1/projects/misctesting-491021/zones/us-central1-a/instances/worker-2","service_account":[],"shielded_instance_config":[{"enable_integrity_monitoring":true,"enable_secure_boot":false,"enable_vtpm":true}],"tags":null,"tags_fingerprint":"42WmSpB8rSM=","terraform_labels":{"goog-terraform-provisioned":"true","role":"k8s-worker"},"timeouts":null,"zone":"us-central1-a"},"sensitive_attributes":[[{"type":"get_attr","value":"boot_disk"},{"type":"index","value":{"value":0,"type":"number"}},{"type":"get_attr","value":"disk_encryption_key_raw"}],[{"type":"get_attr","value":"boot_disk"},{"type":"index","value":{"value":0,"type":"number"}},{"type":"get_attr","value":"disk_encryption_key_rsa"}]],"private":"eyJlMmJmYjczMC1lY2FhLTExZTYtOGY4OC0zNDM2M2JjN2M0YzAiOnsiY3JlYXRlIjoxMjAwMDAwMDAwMDAwLCJkZWxldGUiOjEyMDAwMDAwMDAwMDAsInVwZGF0ZSI6MTIwMDAwMDAwMDAwMH0sInNjaGVtYV92ZXJzaW9uIjoiNiJ9","dependencies":["google_compute_network.k8s_vpc","google_compute_subnetwork.k8s_subnet"]}]},{"mode":"managed","type":"google_compute_network","name":"k8s_vpc","provider":"provider[\"registry.opentofu.org/hashicorp/google\"]","instances":[{"schema_version":0,"attributes":{"auto_create_subnetworks":false,"bgp_always_compare_med":false,"bgp_best_path_selection_mode":"LEGACY","bgp_inter_region_cost":"","delete_bgp_always_compare_med":false,"delete_default_routes_on_create":false,"description":"","enable_ula_internal_ipv6":false,"gateway_ipv4":"","id":"projects/misctesting-491021/global/networks/prod-k8s-vpc","internal_ipv6_range":"","mtu":0,"name":"prod-k8s-vpc","network_firewall_policy_enforcement_order":"AFTER_CLASSIC_FIREWALL","network_id":"2591750451085782548","network_profile":"","numeric_id":"2591750451085782548","params":[],"project":"misctesting-491021","routing_mode":"REGIONAL","self_link":"https://www.googleapis.com/compute/v1/projects/misctesting-491021/global/networks/prod-k8s-vpc","timeouts":null},"sensitive_attributes":[],"private":"eyJlMmJmYjczMC1lY2FhLTExZTYtOGY4OC0zNDM2M2JjN2M0YzAiOnsiY3JlYXRlIjoxMjAwMDAwMDAwMDAwLCJkZWxldGUiOjEyMDAwMDAwMDAwMDAsInVwZGF0ZSI6MTIwMDAwMDAwMDAwMH19"}]},{"mode":"managed","type":"google_compute_subnetwork","name":"k8s_subnet","provider":"provider[\"registry.opentofu.org/hashicorp/google\"]","instances":[{"schema_version":0,"attributes":{"allow_subnet_cidr_routes_overlap":false,"creation_timestamp":"2026-03-22T18:02:10.006-07:00","description":"","external_ipv6_prefix":"","fingerprint":null,"gateway_address":"10.10.0.1","id":"projects/misctesting-491021/regions/us-central1/subnetworks/prod-k8s-subnet","internal_ipv6_prefix":"","ip_cidr_range":"10.10.0.0/24","ip_collection":null,"ipv6_access_type":"","ipv6_cidr_range":"","ipv6_gce_endpoint":"","log_config":[],"name":"prod-k8s-subnet","network":"https://www.googleapis.com/compute/v1/projects/misctesting-491021/global/networks/prod-k8s-vpc","params":[],"private_ip_google_access":false,"private_ipv6_google_access":"DISABLE_GOOGLE_ACCESS","project":"misctesting-491021","purpose":"PRIVATE","region":"us-central1","reserved_internal_range":"","role":"","secondary_ip_range":[],"self_link":"https://www.googleapis.com/compute/v1/projects/misctesting-491021/regions/us-central1/subnetworks/prod-k8s-subnet","send_secondary_ip_range_if_empty":null,"stack_type":"IPV4_ONLY","state":"","subnetwork_id":3367892359058370557,"timeouts":null},"sensitive_attributes":[],"private":"eyJlMmJmYjczMC1lY2FhLTExZTYtOGY4OC0zNDM2M2JjN2M0YzAiOnsiY3JlYXRlIjoxMjAwMDAwMDAwMDAwLCJkZWxldGUiOjEyMDAwMDAwMDAwMDAsInVwZGF0ZSI6MTIwMDAwMDAwMDAwMH19","dependencies":["google_compute_network.k8s_vpc"]}]}],"check_results":null}
