{"version":4,"terraform_version":"1.11.6","serial":14,"lineage":"006bf030-f48f-e24b-2491-399e5f249101","outputs":{},"resources":[{"mode":"managed","type":"google_compute_firewall","name":"allow_iap_ssh","provider":"provider[\"registry.opentofu.org/hashicorp/google\"]","instances":[{"schema_version":1,"attributes":{"allow":[{"ports":["22"],"protocol":"tcp"}],"creation_timestamp":"2026-05-09T15:04:57.723-07:00","deny":[],"description":"","destination_ranges":[],"direction":"INGRESS","disabled":false,"enable_logging":null,"id":"projects/hello-tofu/global/firewalls/allow-iap-ssh-google","log_config":[],"name":"allow-iap-ssh-google","network":"https://www.googleapis.com/compute/v1/projects/hello-tofu/global/networks/rdma-net","params":[],"priority":1000,"project":"hello-tofu","self_link":"https://www.googleapis.com/compute/v1/projects/hello-tofu/global/firewalls/allow-iap-ssh-google","source_ranges":["35.235.240.0/20"],"source_service_accounts":[],"source_tags":[],"target_service_accounts":[],"target_tags":[],"timeouts":null},"sensitive_attributes":[],"private":"eyJlMmJmYjczMC1lY2FhLTExZTYtOGY4OC0zNDM2M2JjN2M0YzAiOnsiY3JlYXRlIjoxMjAwMDAwMDAwMDAwLCJkZWxldGUiOjEyMDAwMDAwMDAwMDAsInVwZGF0ZSI6MTIwMDAwMDAwMDAwMH0sInNjaGVtYV92ZXJzaW9uIjoiMSJ9","dependencies":["google_compute_network.main"]}]},{"mode":"managed","type":"google_compute_firewall","name":"allow_rdma","provider":"provider[\"registry.opentofu.org/hashicorp/google\"]","instances":[{"schema_version":1,"attributes":{"allow":[{"ports":["4791"],"protocol":"udp"}],"creation_timestamp":"2026-05-09T14:23:50.780-07:00","deny":[],"description":"","destination_ranges":[],"direction":"INGRESS","disabled":false,"enable_logging":null,"id":"projects/hello-tofu/global/firewalls/allow-rdma-internal","log_config":[],"name":"allow-rdma-internal","network":"https://www.googleapis.com/compute/v1/projects/hello-tofu/global/networks/rdma-net","params":[],"priority":1000,"project":"hello-tofu","self_link":"https://www.googleapis.com/compute/v1/projects/hello-tofu/global/firewalls/allow-rdma-internal","source_ranges":["10.0.1.0/24"],"source_service_accounts":[],"source_tags":[],"target_service_accounts":[],"target_tags":[],"timeouts":null},"sensitive_attributes":[],"private":"eyJlMmJmYjczMC1lY2FhLTExZTYtOGY4OC0zNDM2M2JjN2M0YzAiOnsiY3JlYXRlIjoxMjAwMDAwMDAwMDAwLCJkZWxldGUiOjEyMDAwMDAwMDAwMDAsInVwZGF0ZSI6MTIwMDAwMDAwMDAwMH0sInNjaGVtYV92ZXJzaW9uIjoiMSJ9","dependencies":["google_compute_network.main"]}]},{"mode":"managed","type":"google_compute_instance","name":"tester","provider":"provider[\"registry.opentofu.org/hashicorp/google\"]","instances":[{"index_key":"rdma-node-1","schema_version":6,"attributes":{"advanced_machine_features":[],"allow_stopping_for_update":true,"attached_disk":[],"boot_disk":[{"auto_delete":true,"device_name":"persistent-disk-0","disk_encryption_key_raw":"","disk_encryption_key_rsa":"","disk_encryption_key_sha256":"","disk_encryption_service_account":"","force_attach":false,"guest_os_features":["VIRTIO_SCSI_MULTIQUEUE","SEV_CAPABLE","SEV_SNP_CAPABLE","SEV_LIVE_MIGRATABLE","SEV_LIVE_MIGRATABLE_V2","SNP_SVSM_CAPABLE","IDPF","TDX_CAPABLE","UEFI_COMPATIBLE","GVNIC"],"initialize_params":[{"architecture":"X86_64","enable_confidential_compute":false,"image":"https://www.googleapis.com/compute/v1/projects/ubuntu-os-cloud/global/images/ubuntu-2404-noble-amd64-v20260503","labels":{},"provisioned_iops":0,"provisioned_throughput":0,"resource_manager_tags":null,"resource_policies":[],"size":10,"snapshot":"","source_image_encryption_key":[],"source_snapshot_encryption_key":[],"storage_pool":"","type":"pd-standard"}],"interface":"","kms_key_self_link":"","mode":"READ_WRITE","source":"https://www.googleapis.com/compute/v1/projects/hello-tofu/zones/us-east1-b/disks/rdma-tester-rdma-node-1"}],"can_ip_forward":false,"confidential_instance_config":[],"cpu_platform":"Intel Broadwell","creation_timestamp":"2026-05-09T15:47:05.373-07:00","current_status":"RUNNING","deletion_protection":false,"description":"","desired_status":null,"effective_labels":{"goog-terraform-provisioned":"true","role":"rdma-tester"},"enable_display":false,"guest_accelerator":[],"hostname":"","id":"projects/hello-tofu/zones/us-east1-b/instances/rdma-tester-rdma-node-1","instance_encryption_key":[],"instance_id":"7273864273784342406","key_revocation_action_type":"","label_fingerprint":"5OJdDTO7qxg=","labels":{"role":"rdma-tester"},"machine_type":"e2-micro","metadata":null,"metadata_fingerprint":"B1eaeSkHYfg=","metadata_startup_script":null,"min_cpu_platform":"","name":"rdma-tester-rdma-node-1","network_interface":[{"access_config":[],"alias_ip_range":[],"igmp_query":"","internal_ipv6_prefix_length":0,"ipv6_access_config":[],"ipv6_access_type":"","ipv6_address":"","name":"nic0","network":"https://www.googleapis.com/compute/v1/projects/hello-tofu/global/networks/rdma-net","network_attachment":"","network_ip":"10.0.1.7","nic_type":"","parent_nic_name":"","queue_count":0,"stack_type":"IPV4_ONLY","subnetwork":"https://www.googleapis.com/compute/v1/projects/hello-tofu/regions/us-east1/subnetworks/rdma-us-east1-subnet","subnetwork_project":"hello-tofu","vlan":0}],"network_performance_config":[],"params":[],"project":"hello-tofu","reservation_affinity":[],"resource_policies":null,"scheduling":[{"automatic_restart":true,"availability_domain":0,"instance_termination_action":"","local_ssd_recovery_timeout":[],"max_run_duration":[],"min_node_cpus":0,"node_affinities":[],"on_host_maintenance":"MIGRATE","on_instance_stop_action":[],"preemptible":false,"provisioning_model":"STANDARD","termination_time":""}],"scratch_disk":[],"self_link":"https://www.googleapis.com/compute/v1/projects/hello-tofu/zones/us-east1-b/instances/rdma-tester-rdma-node-1","service_account":[{"email":"rdma-tester-sa@hello-tofu.iam.gserviceaccount.com","scopes":["https://www.googleapis.com/auth/cloud-platform"]}],"shielded_instance_config":[{"enable_integrity_monitoring":true,"enable_secure_boot":false,"enable_vtpm":true}],"tags":null,"tags_fingerprint":"42WmSpB8rSM=","terraform_labels":{"goog-terraform-provisioned":"true","role":"rdma-tester"},"timeouts":null,"zone":"us-east1-b"},"sensitive_attributes":[[{"type":"get_attr","value":"boot_disk"},{"type":"index","value":{"value":0,"type":"number"}},{"type":"get_attr","value":"disk_encryption_key_raw"}],[{"type":"get_attr","value":"boot_disk"},{"type":"index","value":{"value":0,"type":"number"}},{"type":"get_attr","value":"disk_encryption_key_rsa"}]],"private":"eyJlMmJmYjczMC1lY2FhLTExZTYtOGY4OC0zNDM2M2JjN2M0YzAiOnsiY3JlYXRlIjoxMjAwMDAwMDAwMDAwLCJkZWxldGUiOjEyMDAwMDAwMDAwMDAsInVwZGF0ZSI6MTIwMDAwMDAwMDAwMH0sInNjaGVtYV92ZXJzaW9uIjoiNiJ9","dependencies":["google_compute_network.main","google_compute_subnetwork.us-east1","google_service_account.tester"]},{"index_key":"rdma-node-2","schema_version":6,"attributes":{"advanced_machine_features":[],"allow_stopping_for_update":true,"attached_disk":[],"boot_disk":[{"auto_delete":true,"device_name":"persistent-disk-0","disk_encryption_key_raw":"","disk_encryption_key_rsa":"","disk_encryption_key_sha256":"","disk_encryption_service_account":"","force_attach":false,"guest_os_features":["VIRTIO_SCSI_MULTIQUEUE","SEV_CAPABLE","SEV_SNP_CAPABLE","SEV_LIVE_MIGRATABLE","SEV_LIVE_MIGRATABLE_V2","SNP_SVSM_CAPABLE","IDPF","TDX_CAPABLE","UEFI_COMPATIBLE","GVNIC"],"initialize_params":[{"architecture":"X86_64","enable_confidential_compute":false,"image":"https://www.googleapis.com/compute/v1/projects/ubuntu-os-cloud/global/images/ubuntu-2404-noble-amd64-v20260503","labels":{},"provisioned_iops":0,"provisioned_throughput":0,"resource_manager_tags":null,"resource_policies":[],"size":10,"snapshot":"","source_image_encryption_key":[],"source_snapshot_encryption_key":[],"storage_pool":"","type":"pd-standard"}],"interface":"","kms_key_self_link":"","mode":"READ_WRITE","source":"https://www.googleapis.com/compute/v1/projects/hello-tofu/zones/us-east1-b/disks/rdma-tester-rdma-node-2"}],"can_ip_forward":false,"confidential_instance_config":[],"cpu_platform":"Intel Broadwell","creation_timestamp":"2026-05-09T15:47:04.970-07:00","current_status":"RUNNING","deletion_protection":false,"description":"","desired_status":null,"effective_labels":{"goog-terraform-provisioned":"true","role":"rdma-tester"},"enable_display":false,"guest_accelerator":[],"hostname":"","id":"projects/hello-tofu/zones/us-east1-b/instances/rdma-tester-rdma-node-2","instance_encryption_key":[],"instance_id":"4728980307046434695","key_revocation_action_type":"","label_fingerprint":"5OJdDTO7qxg=","labels":{"role":"rdma-tester"},"machine_type":"e2-micro","metadata":null,"metadata_fingerprint":"B1eaeSkHYfg=","metadata_startup_script":null,"min_cpu_platform":"","name":"rdma-tester-rdma-node-2","network_interface":[{"access_config":[],"alias_ip_range":[],"igmp_query":"","internal_ipv6_prefix_length":0,"ipv6_access_config":[],"ipv6_access_type":"","ipv6_address":"","name":"nic0","network":"https://www.googleapis.com/compute/v1/projects/hello-tofu/global/networks/rdma-net","network_attachment":"","network_ip":"10.0.1.6","nic_type":"","parent_nic_name":"","queue_count":0,"stack_type":"IPV4_ONLY","subnetwork":"https://www.googleapis.com/compute/v1/projects/hello-tofu/regions/us-east1/subnetworks/rdma-us-east1-subnet","subnetwork_project":"hello-tofu","vlan":0}],"network_performance_config":[],"params":[],"project":"hello-tofu","reservation_affinity":[],"resource_policies":null,"scheduling":[{"automatic_restart":true,"availability_domain":0,"instance_termination_action":"","local_ssd_recovery_timeout":[],"max_run_duration":[],"min_node_cpus":0,"node_affinities":[],"on_host_maintenance":"MIGRATE","on_instance_stop_action":[],"preemptible":false,"provisioning_model":"STANDARD","termination_time":""}],"scratch_disk":[],"self_link":"https://www.googleapis.com/compute/v1/projects/hello-tofu/zones/us-east1-b/instances/rdma-tester-rdma-node-2","service_account":[{"email":"rdma-tester-sa@hello-tofu.iam.gserviceaccount.com","scopes":["https://www.googleapis.com/auth/cloud-platform"]}],"shielded_instance_config":[{"enable_integrity_monitoring":true,"enable_secure_boot":false,"enable_vtpm":true}],"tags":null,"tags_fingerprint":"42WmSpB8rSM=","terraform_labels":{"goog-terraform-provisioned":"true","role":"rdma-tester"},"timeouts":null,"zone":"us-east1-b"},"sensitive_attributes":[[{"type":"get_attr","value":"boot_disk"},{"type":"index","value":{"value":0,"type":"number"}},{"type":"get_attr","value":"disk_encryption_key_raw"}],[{"type":"get_attr","value":"boot_disk"},{"type":"index","value":{"value":0,"type":"number"}},{"type":"get_attr","value":"disk_encryption_key_rsa"}]],"private":"eyJlMmJmYjczMC1lY2FhLTExZTYtOGY4OC0zNDM2M2JjN2M0YzAiOnsiY3JlYXRlIjoxMjAwMDAwMDAwMDAwLCJkZWxldGUiOjEyMDAwMDAwMDAwMDAsInVwZGF0ZSI6MTIwMDAwMDAwMDAwMH0sInNjaGVtYV92ZXJzaW9uIjoiNiJ9","dependencies":["google_compute_network.main","google_compute_subnetwork.us-east1","google_service_account.tester"]}]},{"mode":"managed","type":"google_compute_network","name":"main","provider":"provider[\"registry.opentofu.org/hashicorp/google\"]","instances":[{"schema_version":0,"attributes":{"auto_create_subnetworks":false,"bgp_always_compare_med":false,"bgp_best_path_selection_mode":"LEGACY","bgp_inter_region_cost":"","delete_bgp_always_compare_med":false,"delete_default_routes_on_create":false,"description":"","enable_ula_internal_ipv6":false,"gateway_ipv4":"","id":"projects/hello-tofu/global/networks/rdma-net","internal_ipv6_range":"","mtu":0,"name":"rdma-net","network_firewall_policy_enforcement_order":"AFTER_CLASSIC_FIREWALL","network_id":"670466036026448702","network_profile":"","numeric_id":"670466036026448702","params":[],"project":"hello-tofu","routing_mode":"REGIONAL","self_link":"https://www.googleapis.com/compute/v1/projects/hello-tofu/global/networks/rdma-net","timeouts":null},"sensitive_attributes":[],"private":"eyJlMmJmYjczMC1lY2FhLTExZTYtOGY4OC0zNDM2M2JjN2M0YzAiOnsiY3JlYXRlIjoxMjAwMDAwMDAwMDAwLCJkZWxldGUiOjEyMDAwMDAwMDAwMDAsInVwZGF0ZSI6MTIwMDAwMDAwMDAwMH19"}]},{"mode":"managed","type":"google_compute_router","name":"router","provider":"provider[\"registry.opentofu.org/hashicorp/google\"]","instances":[{"schema_version":0,"attributes":{"bgp":[],"creation_timestamp":"2026-05-09T15:21:16.433-07:00","description":"","encrypted_interconnect_router":false,"id":"projects/hello-tofu/regions/us-east1/routers/rdma-net-router-us-east1","md5_authentication_keys":[],"name":"rdma-net-router-us-east1","network":"https://www.googleapis.com/compute/v1/projects/hello-tofu/global/networks/rdma-net","params":[],"project":"hello-tofu","region":"us-east1","self_link":"https://www.googleapis.com/compute/v1/projects/hello-tofu/regions/us-east1/routers/rdma-net-router-us-east1","timeouts":null},"sensitive_attributes":[],"private":"eyJlMmJmYjczMC1lY2FhLTExZTYtOGY4OC0zNDM2M2JjN2M0YzAiOnsiY3JlYXRlIjoxMjAwMDAwMDAwMDAwLCJkZWxldGUiOjEyMDAwMDAwMDAwMDAsInVwZGF0ZSI6MTIwMDAwMDAwMDAwMH19","dependencies":["google_compute_network.main","google_compute_subnetwork.us-east1"]}]},{"mode":"managed","type":"google_compute_router_nat","name":"nat","provider":"provider[\"registry.opentofu.org/hashicorp/google\"]","instances":[{"schema_version":0,"attributes":{"auto_network_tier":null,"drain_nat_ips":[],"enable_dynamic_port_allocation":false,"enable_endpoint_independent_mapping":false,"endpoint_types":["ENDPOINT_TYPE_VM"],"icmp_idle_timeout_sec":30,"id":"hello-tofu/us-east1/rdma-net-router-us-east1/rdma-net-nat-us-east1","initial_nat_ips":null,"log_config":[],"max_ports_per_vm":0,"min_ports_per_vm":0,"name":"rdma-net-nat-us-east1","nat64_subnetwork":[],"nat_ip_allocate_option":"AUTO_ONLY","nat_ips":[],"project":"hello-tofu","region":"us-east1","router":"rdma-net-router-us-east1","rules":[],"source_subnetwork_ip_ranges_to_nat":"ALL_SUBNETWORKS_ALL_IP_RANGES","source_subnetwork_ip_ranges_to_nat64":"","subnetwork":[],"tcp_established_idle_timeout_sec":1200,"tcp_time_wait_timeout_sec":120,"tcp_transitory_idle_timeout_sec":30,"timeouts":null,"type":"PUBLIC","udp_idle_timeout_sec":30},"sensitive_attributes":[],"private":"eyJlMmJmYjczMC1lY2FhLTExZTYtOGY4OC0zNDM2M2JjN2M0YzAiOnsiY3JlYXRlIjoxMjAwMDAwMDAwMDAwLCJkZWxldGUiOjEyMDAwMDAwMDAwMDAsInVwZGF0ZSI6MTIwMDAwMDAwMDAwMH19","dependencies":["google_compute_network.main","google_compute_router.router","google_compute_subnetwork.us-east1"]}]},{"mode":"managed","type":"google_compute_subnetwork","name":"us-east1","provider":"provider[\"registry.opentofu.org/hashicorp/google\"]","instances":[{"schema_version":0,"attributes":{"allow_subnet_cidr_routes_overlap":false,"creation_timestamp":"2026-05-09T14:23:52.413-07:00","description":"","external_ipv6_prefix":"","fingerprint":null,"gateway_address":"10.0.1.1","id":"projects/hello-tofu/regions/us-east1/subnetworks/rdma-us-east1-subnet","internal_ipv6_prefix":"","ip_cidr_range":"10.0.1.0/24","ip_collection":null,"ipv6_access_type":"","ipv6_cidr_range":"","ipv6_gce_endpoint":"","log_config":[],"name":"rdma-us-east1-subnet","network":"https://www.googleapis.com/compute/v1/projects/hello-tofu/global/networks/rdma-net","params":[],"private_ip_google_access":true,"private_ipv6_google_access":"DISABLE_GOOGLE_ACCESS","project":"hello-tofu","purpose":"PRIVATE","region":"us-east1","reserved_internal_range":"","resolve_subnet_mask":"","role":"","secondary_ip_range":[],"self_link":"https://www.googleapis.com/compute/v1/projects/hello-tofu/regions/us-east1/subnetworks/rdma-us-east1-subnet","send_secondary_ip_range_if_empty":null,"stack_type":"IPV4_ONLY","state":"","subnetwork_id":4921383146711292679,"timeouts":null},"sensitive_attributes":[],"private":"eyJlMmJmYjczMC1lY2FhLTExZTYtOGY4OC0zNDM2M2JjN2M0YzAiOnsiY3JlYXRlIjoxMjAwMDAwMDAwMDAwLCJkZWxldGUiOjEyMDAwMDAwMDAwMDAsInVwZGF0ZSI6MTIwMDAwMDAwMDAwMH19","dependencies":["google_compute_network.main"]}]},{"mode":"managed","type":"google_service_account","name":"tester","provider":"provider[\"registry.opentofu.org/hashicorp/google\"]","instances":[{"schema_version":0,"attributes":{"account_id":"rdma-tester-sa","create_ignore_already_exists":null,"description":"","disabled":false,"display_name":"SA for RDMA tester nodes","email":"rdma-tester-sa@hello-tofu.iam.gserviceaccount.com","id":"projects/hello-tofu/serviceAccounts/rdma-tester-sa@hello-tofu.iam.gserviceaccount.com","member":"serviceAccount:rdma-tester-sa@hello-tofu.iam.gserviceaccount.com","name":"projects/hello-tofu/serviceAccounts/rdma-tester-sa@hello-tofu.iam.gserviceaccount.com","project":"hello-tofu","timeouts":null,"unique_id":"109476476181983483550"},"sensitive_attributes":[],"private":"eyJlMmJmYjczMC1lY2FhLTExZTYtOGY4OC0zNDM2M2JjN2M0YzAiOnsiY3JlYXRlIjozMDAwMDAwMDAwMDB9fQ=="}]}],"check_results":null}
